
Microsoft Visual Studio Solution File, Format Version 12.00
# Visual Studio Version 17
VisualStudioVersion = 17.0.32014.148
MinimumVisualStudioVersion = 10.0.40219.1
Project("{9A19103F-16F7-4668-BE54-9A1E7A4F7556}") = "TMS.WebAPI", "TMS.WebAPI\TMS.WebAPI.csproj", "{9B87E216-E3D8-4B47-B381-58D21C9450D6}"
EndProject
Project("{9A19103F-16F7-4668-BE54-9A1E7A4F7556}") = "TMS.Infrastructure", "TMS.Data\TMS.Infrastructure.csproj", "{0AD9F7C8-1B6E-40F1-837B-C22A870BC6AF}"
EndProject
Project("{9A19103F-16F7-4668-BE54-9A1E7A4F7556}") = "TMS.Domain", "TMS.Domain\TMS.Domain.csproj", "{24ACC9E9-8E2C-4E21-B529-E2BE01EB4726}"
EndProject
Project("{FAE04EC0-301F-11D3-BF4B-00C04F79EFBC}") = "TMS.Application", "TMS.Application\TMS.Application.csproj", "{CB75B4B9-7272-4464-AA24-E9F0EA7FC91B}"
EndProject
Global
	GlobalSection(SolutionConfigurationPlatforms) = preSolution
		Debug|Any CPU = Debug|Any CPU
		Release|Any CPU = Release|Any CPU
	EndGlobalSection
	GlobalSection(ProjectConfigurationPlatforms) = postSolution
		{9B87E216-E3D8-4B47-B381-58D21C9450D6}.Debug|Any CPU.ActiveCfg = Debug|Any CPU
		{9B87E216-E3D8-4B47-B381-58D21C9450D6}.Debug|Any CPU.Build.0 = Debug|Any CPU
		{9B87E216-E3D8-4B47-B381-58D21C9450D6}.Release|Any CPU.ActiveCfg = Release|Any CPU
		{9B87E216-E3D8-4B47-B381-58D21C9450D6}.Release|Any CPU.Build.0 = Release|Any CPU
		{0AD9F7C8-1B6E-40F1-837B-C22A870BC6AF}.Debug|Any CPU.ActiveCfg = Debug|Any CPU
		{0AD9F7C8-1B6E-40F1-837B-C22A870BC6AF}.Debug|Any CPU.Build.0 = Debug|Any CPU
		{0AD9F7C8-1B6E-40F1-837B-C22A870BC6AF}.Release|Any CPU.ActiveCfg = Release|Any CPU
		{0AD9F7C8-1B6E-40F1-837B-C22A870BC6AF}.Release|Any CPU.Build.0 = Release|Any CPU
		{24ACC9E9-8E2C-4E21-B529-E2BE01EB4726}.Debug|Any CPU.ActiveCfg = Debug|Any CPU
		{24ACC9E9-8E2C-4E21-B529-E2BE01EB4726}.Debug|Any CPU.Build.0 = Debug|Any CPU
		{24ACC9E9-8E2C-4E21-B529-E2BE01EB4726}.Release|Any CPU.ActiveCfg = Release|Any CPU
		{24ACC9E9-8E2C-4E21-B529-E2BE01EB4726}.Release|Any CPU.Build.0 = Release|Any CPU
		{CB75B4B9-7272-4464-AA24-E9F0EA7FC91B}.Debug|Any CPU.ActiveCfg = Debug|Any CPU
		{CB75B4B9-7272-4464-AA24-E9F0EA7FC91B}.Debug|Any CPU.Build.0 = Debug|Any CPU
		{CB75B4B9-7272-4464-AA24-E9F0EA7FC91B}.Release|Any CPU.ActiveCfg = Release|Any CPU
		{CB75B4B9-7272-4464-AA24-E9F0EA7FC91B}.Release|Any CPU.Build.0 = Release|Any CPU
	EndGlobalSection
	GlobalSection(SolutionProperties) = preSolution
		HideSolutionNode = FALSE
	EndGlobalSection
	GlobalSection(ExtensibilityGlobals) = postSolution
		SolutionGuid = {19DE7D9E-79B4-401D-B170-C9C2E77AD449}
	EndGlobalSection
EndGlobal
